<?xml version="1.0" encoding="utf-8"?>
<Project ToolsVersion="4.0" xmlns="http://schemas.microsoft.com/developer/msbuild/2003">
  <ItemGroup>
    <Filter Include="Source Files">
      <UniqueIdentifier>{4FC737F1-C7A5-4376-A066-2A32D752A2FF}</UniqueIdentifier>
      <Extensions>cpp;c;cc;cxx;c++;cppm;ixx;def;odl;idl;hpj;bat;asm;asmx</Extensions>
    </Filter>
    <Filter Include="Header Files">
      <UniqueIdentifier>{93995380-89BD-4b04-88EB-625FBE52EBFB}</UniqueIdentifier>
      <Extensions>h;hh;hpp;hxx;h++;hm;inl;inc;ipp;xsd</Extensions>
    </Filter>
    <Filter Include="Resource Files">
      <UniqueIdentifier>{67DA6AB6-F800-4c08-8B7A-83BB121AAD01}</UniqueIdentifier>
      <Extensions>rc;ico;cur;bmp;dlg;rc2;rct;bin;rgs;gif;jpg;jpeg;jpe;resx;tiff;tif;png;wav;mfcribbon-ms</Extensions>
    </Filter>
  </ItemGroup>
  <ItemGroup>
    <ClCompile Include="main.cpp">
      <Filter>Source Files</Filter>
    </ClCompile>
    <ClCompile Include="Produs.cpp">
      <Filter>Source Files</Filter>
    </ClCompile>
    <ClCompile Include="Stoc_Produs.cpp">
      <Filter>Source Files</Filter>
    </ClCompile>
    <ClCompile Include="Magazin.cpp">
      <Filter>Source Files</Filter>
    </ClCompile>
    <ClCompile Include="Catalog_Produs.cpp">
      <Filter>Source Files</Filter>
    </ClCompile>
    <ClCompile Include="Chitanta.cpp">
      <Filter>Source Files</Filter>
    </ClCompile>
    <ClCompile Include="Comanda.cpp">
      <Filter>Source Files</Filter>
    </ClCompile>
    <ClCompile Include="Comanda_Simpla.cpp">
      <Filter>Source Files</Filter>
    </ClCompile>
    <ClCompile Include="Comanda_Jumbo.cpp">
      <Filter>Source Files</Filter>
    </ClCompile>
    <ClCompile Include="Client.cpp">
      <Filter>Source Files</Filter>
    </ClCompile>
    <ClCompile Include="Client_Obisnuit.cpp">
      <Filter>Source Files</Filter>
    </ClCompile>
    <ClCompile Include="Client_Special.cpp">
      <Filter>Source Files</Filter>
    </ClCompile>
    <ClCompile Include="Curier.cpp">
      <Filter>Source Files</Filter>
    </ClCompile>
    <ClCompile Include="Unique_ID_Generator.cpp">
      <Filter>Source Files</Filter>
    </ClCompile>
  </ItemGroup>
  <ItemGroup>
    <ClInclude Include="Produs.h">
      <Filter>Header Files</Filter>
    </ClInclude>
    <ClInclude Include="Stoc_Produs.h">
      <Filter>Header Files</Filter>
    </ClInclude>
    <ClInclude Include="Magazin.h">
      <Filter>Header Files</Filter>
    </ClInclude>
    <ClInclude Include="Exceptions.h">
      <Filter>Resource Files</Filter>
    </ClInclude>
    <ClInclude Include="Catalog_Produs.h">
      <Filter>Header Files</Filter>
    </ClInclude>
    <ClInclude Include="IClient.h">
      <Filter>Header Files</Filter>
    </ClInclude>
    <ClInclude Include="Chitanta.h">
      <Filter>Header Files</Filter>
    </ClInclude>
    <ClInclude Include="IComanda.h">
      <Filter>Header Files</Filter>
    </ClInclude>
    <ClInclude Include="Comanda.h">
      <Filter>Header Files</Filter>
    </ClInclude>
    <ClInclude Include="Comanda_Simpla.h">
      <Filter>Header Files</Filter>
    </ClInclude>
    <ClInclude Include="Comanda_Jumbo.h">
      <Filter>Header Files</Filter>
    </ClInclude>
    <ClInclude Include="Client.h">
      <Filter>Header Files</Filter>
    </ClInclude>
    <ClInclude Include="Client_Obisnuit.h">
      <Filter>Header Files</Filter>
    </ClInclude>
    <ClInclude Include="Client_Special.h">
      <Filter>Header Files</Filter>
    </ClInclude>
    <ClInclude Include="Curier.h">
      <Filter>Header Files</Filter>
    </ClInclude>
    <ClInclude Include="Unique_ID_Generator.h">
      <Filter>Header Files</Filter>
    </ClInclude>
  </ItemGroup>
  <ItemGroup>
    <Text Include="stoc.txt">
      <Filter>Resource Files</Filter>
    </Text>
  </ItemGroup>
</Project>